
Microsoft Visual Studio Solution File, Format Version 12.00
# Visual Studio 15
VisualStudioVersion = 15.0.27703.2042
MinimumVisualStudioVersion = 10.0.40219.1
Project("{FAE04EC0-301F-11D3-BF4B-00C04F79EFBC}") = "Consensus", "Consensus\Consensus.csproj", "{FA3DEB51-4B2A-4433-AE29-132F60A10842}"
EndProject
Global
	GlobalSection(SolutionConfigurationPlatforms) = preSolution
		Debug|Any CPU = Debug|Any CPU
		Release|Any CPU = Release|Any CPU
	EndGlobalSection
	GlobalSection(ProjectConfigurationPlatforms) = postSolution
		{FA3DEB51-4B2A-4433-AE29-132F60A10842}.Debug|Any CPU.ActiveCfg = Debug|Any CPU
		{FA3DEB51-4B2A-4433-AE29-132F60A10842}.Debug|Any CPU.Build.0 = Debug|Any CPU
		{FA3DEB51-4B2A-4433-AE29-132F60A10842}.Release|Any CPU.ActiveCfg = Release|Any CPU
		{FA3DEB51-4B2A-4433-AE29-132F60A10842}.Release|Any CPU.Build.0 = Release|Any CPU
	EndGlobalSection
	GlobalSection(SolutionProperties) = preSolution
		HideSolutionNode = FALSE
	EndGlobalSection
	GlobalSection(ExtensibilityGlobals) = postSolution
		SolutionGuid = {7A61EF1F-F6F5-494D-876C-D7EFE40A0018}
	EndGlobalSection
EndGlobal
